
Microsoft Visual Studio Solution File, Format Version 12.00
# Visual Studio 15
VisualStudioVersion = 15.0.27130.2036
MinimumVisualStudioVersion = 10.0.40219.1
Project("{FAE04EC0-301F-11D3-BF4B-00C04F79EFBC}") = "EspBrowser", "EspBrowser\EspBrowser.csproj", "{59B158DE-B710-4FCC-AA53-8003CBC9B926}"
EndProject
Project("{FAE04EC0-301F-11D3-BF4B-00C04F79EFBC}") = "NodeMcuUploader", "NodeMcuUploader\NodeMcuUploader.csproj", "{BB33F159-C7D5-4D64-8DAD-150F433C6A33}"
EndProject
Global
	GlobalSection(SolutionConfigurationPlatforms) = preSolution
		Debug|Any CPU = Debug|Any CPU
		Release|Any CPU = Release|Any CPU
	EndGlobalSection
	GlobalSection(ProjectConfigurationPlatforms) = postSolution
		{59B158DE-B710-4FCC-AA53-8003CBC9B926}.Debug|Any CPU.ActiveCfg = Debug|Any CPU
		{59B158DE-B710-4FCC-AA53-8003CBC9B926}.Debug|Any CPU.Build.0 = Debug|Any CPU
		{59B158DE-B710-4FCC-AA53-8003CBC9B926}.Release|Any CPU.ActiveCfg = Release|Any CPU
		{59B158DE-B710-4FCC-AA53-8003CBC9B926}.Release|Any CPU.Build.0 = Release|Any CPU
		{BB33F159-C7D5-4D64-8DAD-150F433C6A33}.Debug|Any CPU.ActiveCfg = Debug|Any CPU
		{BB33F159-C7D5-4D64-8DAD-150F433C6A33}.Debug|Any CPU.Build.0 = Debug|Any CPU
		{BB33F159-C7D5-4D64-8DAD-150F433C6A33}.Release|Any CPU.ActiveCfg = Release|Any CPU
		{BB33F159-C7D5-4D64-8DAD-150F433C6A33}.Release|Any CPU.Build.0 = Release|Any CPU
	EndGlobalSection
	GlobalSection(SolutionProperties) = preSolution
		HideSolutionNode = FALSE
	EndGlobalSection
	GlobalSection(ExtensibilityGlobals) = postSolution
		SolutionGuid = {6C8FEDAB-0F29-4136-B213-0DA30116465E}
	EndGlobalSection
EndGlobal
